
Microsoft Visual Studio Solution File, Format Version 12.00
# Visual Studio Version 16
VisualStudioVersion = 16.0.30128.74
MinimumVisualStudioVersion = 10.0.40219.1
Project("{8BC9CEB8-8B4A-11D0-8D11-00A0C91BC942}") = "bcrypt2", "bcrypt2\bcrypt2.vcxproj", "{23BA7783-F0B5-4447-886B-8E5AB1A35C71}"
EndProject
Project("{9A19103F-16F7-4668-BE54-9A1E7A4F7556}") = "benchmark", "benchmark\benchmark.csproj", "{58CDC95E-C35E-4C96-839B-83D6E2066A45}"
EndProject
Project("{9A19103F-16F7-4668-BE54-9A1E7A4F7556}") = "benchmark_simple", "benchmark_simple\benchmark_simple.csproj", "{1E445924-411C-4AC0-A264-6D2B160B3FF1}"
EndProject
Global
	GlobalSection(SolutionConfigurationPlatforms) = preSolution
		Debug|x64 = Debug|x64
		Release|x64 = Release|x64
	EndGlobalSection
	GlobalSection(ProjectConfigurationPlatforms) = postSolution
		{23BA7783-F0B5-4447-886B-8E5AB1A35C71}.Debug|x64.ActiveCfg = Debug|x64
		{23BA7783-F0B5-4447-886B-8E5AB1A35C71}.Release|x64.ActiveCfg = Release|x64
		{58CDC95E-C35E-4C96-839B-83D6E2066A45}.Debug|x64.ActiveCfg = Debug|x64
		{58CDC95E-C35E-4C96-839B-83D6E2066A45}.Debug|x64.Build.0 = Debug|x64
		{58CDC95E-C35E-4C96-839B-83D6E2066A45}.Release|x64.ActiveCfg = Release|x64
		{58CDC95E-C35E-4C96-839B-83D6E2066A45}.Release|x64.Build.0 = Release|x64
		{1E445924-411C-4AC0-A264-6D2B160B3FF1}.Debug|x64.ActiveCfg = Debug|x64
		{1E445924-411C-4AC0-A264-6D2B160B3FF1}.Debug|x64.Build.0 = Debug|x64
		{1E445924-411C-4AC0-A264-6D2B160B3FF1}.Release|x64.ActiveCfg = Release|x64
		{1E445924-411C-4AC0-A264-6D2B160B3FF1}.Release|x64.Build.0 = Release|x64
	EndGlobalSection
	GlobalSection(SolutionProperties) = preSolution
		HideSolutionNode = FALSE
	EndGlobalSection
	GlobalSection(ExtensibilityGlobals) = postSolution
		SolutionGuid = {E9CD76C3-96BF-4C8B-B356-712D5697930C}
	EndGlobalSection
EndGlobal
